
Microsoft Visual Studio Solution File, Format Version 12.00
# Visual Studio 15
VisualStudioVersion = 15.0.27130.2024
MinimumVisualStudioVersion = 10.0.40219.1
Project("{2150E333-8FDC-42A3-9474-1A3956D46DE8}") = "Common", "Common", "{CF36EDF2-70E5-438F-A889-3F51FCB182E4}"
EndProject
Project("{2150E333-8FDC-42A3-9474-1A3956D46DE8}") = "Src", "Src", "{7AC1A4E1-F6D9-4070-91A5-422CEAF073DA}"
EndProject
Project("{2150E333-8FDC-42A3-9474-1A3956D46DE8}") = "Render", "Render", "{E041C6C7-9B02-403D-B8AA-1DBCA13A0AEB}"
EndProject
Project("{2150E333-8FDC-42A3-9474-1A3956D46DE8}") = "Server", "Server", "{03109D00-5ACF-4C60-BA5C-CA18DE301D39}"
EndProject
Project("{8BC9CEB8-8B4A-11D0-8D11-00A0C91BC942}") = "MCRenderEngine", "Src\Render\MCRenderEngine\MCRenderEngine.vcxproj", "{F1686CB5-70B9-4212-AFAB-39BF0DC3D734}"
EndProject
Project("{8BC9CEB8-8B4A-11D0-8D11-00A0C91BC942}") = "MCServer", "Src\Server\MCServer\MCServer.vcxproj", "{078CCBFB-73B8-437F-86D9-BF68A1C41A46}"
EndProject
Project("{8BC9CEB8-8B4A-11D0-8D11-00A0C91BC942}") = "MCSlaveServer", "Src\Server\MCSlaveServer\MCSlaveServer.vcxproj", "{61FEAF23-9693-4925-9C57-546E9E6E57BB}"
EndProject
Project("{8BC9CEB8-8B4A-11D0-8D11-00A0C91BC942}") = "MCLog", "Src\Common\MCLog\MCLog.vcxproj", "{0D33C258-4069-4642-B520-B66F3F30FC56}"
EndProject
Project("{8BC9CEB8-8B4A-11D0-8D11-00A0C91BC942}") = "MCXML", "Src\Common\MCXML\MCXML.vcxproj", "{8542DA21-4AF1-45FD-87D4-67CF08B0E012}"
EndProject
Project("{2150E333-8FDC-42A3-9474-1A3956D46DE8}") = "Core", "Core", "{B07DCB84-9328-458D-893C-DB599942705A}"
EndProject
Project("{8BC9CEB8-8B4A-11D0-8D11-00A0C91BC942}") = "MC", "Src\Core\MC\MC.vcxproj", "{C18E515C-072B-4C55-B7AC-342BE77A66AF}"
EndProject
Global
	GlobalSection(SolutionConfigurationPlatforms) = preSolution
		Debug|x64 = Debug|x64
		Debug|x86 = Debug|x86
		Release|x64 = Release|x64
		Release|x86 = Release|x86
	EndGlobalSection
	GlobalSection(ProjectConfigurationPlatforms) = postSolution
		{F1686CB5-70B9-4212-AFAB-39BF0DC3D734}.Debug|x64.ActiveCfg = Debug|x64
		{F1686CB5-70B9-4212-AFAB-39BF0DC3D734}.Debug|x64.Build.0 = Debug|x64
		{F1686CB5-70B9-4212-AFAB-39BF0DC3D734}.Debug|x86.ActiveCfg = Debug|Win32
		{F1686CB5-70B9-4212-AFAB-39BF0DC3D734}.Debug|x86.Build.0 = Debug|Win32
		{F1686CB5-70B9-4212-AFAB-39BF0DC3D734}.Release|x64.ActiveCfg = Release|x64
		{F1686CB5-70B9-4212-AFAB-39BF0DC3D734}.Release|x64.Build.0 = Release|x64
		{F1686CB5-70B9-4212-AFAB-39BF0DC3D734}.Release|x86.ActiveCfg = Release|Win32
		{F1686CB5-70B9-4212-AFAB-39BF0DC3D734}.Release|x86.Build.0 = Release|Win32
		{078CCBFB-73B8-437F-86D9-BF68A1C41A46}.Debug|x64.ActiveCfg = Debug|x64
		{078CCBFB-73B8-437F-86D9-BF68A1C41A46}.Debug|x64.Build.0 = Debug|x64
		{078CCBFB-73B8-437F-86D9-BF68A1C41A46}.Debug|x86.ActiveCfg = Debug|Win32
		{078CCBFB-73B8-437F-86D9-BF68A1C41A46}.Debug|x86.Build.0 = Debug|Win32
		{078CCBFB-73B8-437F-86D9-BF68A1C41A46}.Release|x64.ActiveCfg = Release|x64
		{078CCBFB-73B8-437F-86D9-BF68A1C41A46}.Release|x64.Build.0 = Release|x64
		{078CCBFB-73B8-437F-86D9-BF68A1C41A46}.Release|x86.ActiveCfg = Release|Win32
		{078CCBFB-73B8-437F-86D9-BF68A1C41A46}.Release|x86.Build.0 = Release|Win32
		{61FEAF23-9693-4925-9C57-546E9E6E57BB}.Debug|x64.ActiveCfg = Debug|x64
		{61FEAF23-9693-4925-9C57-546E9E6E57BB}.Debug|x64.Build.0 = Debug|x64
		{61FEAF23-9693-4925-9C57-546E9E6E57BB}.Debug|x86.ActiveCfg = Debug|Win32
		{61FEAF23-9693-4925-9C57-546E9E6E57BB}.Debug|x86.Build.0 = Debug|Win32
		{61FEAF23-9693-4925-9C57-546E9E6E57BB}.Release|x64.ActiveCfg = Release|x64
		{61FEAF23-9693-4925-9C57-546E9E6E57BB}.Release|x64.Build.0 = Release|x64
		{61FEAF23-9693-4925-9C57-546E9E6E57BB}.Release|x86.ActiveCfg = Release|Win32
		{61FEAF23-9693-4925-9C57-546E9E6E57BB}.Release|x86.Build.0 = Release|Win32
		{0D33C258-4069-4642-B520-B66F3F30FC56}.Debug|x64.ActiveCfg = Debug|x64
		{0D33C258-4069-4642-B520-B66F3F30FC56}.Debug|x64.Build.0 = Debug|x64
		{0D33C258-4069-4642-B520-B66F3F30FC56}.Debug|x86.ActiveCfg = Debug|Win32
		{0D33C258-4069-4642-B520-B66F3F30FC56}.Debug|x86.Build.0 = Debug|Win32
		{0D33C258-4069-4642-B520-B66F3F30FC56}.Release|x64.ActiveCfg = Release|x64
		{0D33C258-4069-4642-B520-B66F3F30FC56}.Release|x64.Build.0 = Release|x64
		{0D33C258-4069-4642-B520-B66F3F30FC56}.Release|x86.ActiveCfg = Release|Win32
		{0D33C258-4069-4642-B520-B66F3F30FC56}.Release|x86.Build.0 = Release|Win32
		{8542DA21-4AF1-45FD-87D4-67CF08B0E012}.Debug|x64.ActiveCfg = Debug|x64
		{8542DA21-4AF1-45FD-87D4-67CF08B0E012}.Debug|x64.Build.0 = Debug|x64
		{8542DA21-4AF1-45FD-87D4-67CF08B0E012}.Debug|x86.ActiveCfg = Debug|Win32
		{8542DA21-4AF1-45FD-87D4-67CF08B0E012}.Debug|x86.Build.0 = Debug|Win32
		{8542DA21-4AF1-45FD-87D4-67CF08B0E012}.Release|x64.ActiveCfg = Release|x64
		{8542DA21-4AF1-45FD-87D4-67CF08B0E012}.Release|x64.Build.0 = Release|x64
		{8542DA21-4AF1-45FD-87D4-67CF08B0E012}.Release|x86.ActiveCfg = Release|Win32
		{8542DA21-4AF1-45FD-87D4-67CF08B0E012}.Release|x86.Build.0 = Release|Win32
		{C18E515C-072B-4C55-B7AC-342BE77A66AF}.Debug|x64.ActiveCfg = Debug|x64
		{C18E515C-072B-4C55-B7AC-342BE77A66AF}.Debug|x64.Build.0 = Debug|x64
		{C18E515C-072B-4C55-B7AC-342BE77A66AF}.Debug|x86.ActiveCfg = Debug|Win32
		{C18E515C-072B-4C55-B7AC-342BE77A66AF}.Debug|x86.Build.0 = Debug|Win32
		{C18E515C-072B-4C55-B7AC-342BE77A66AF}.Release|x64.ActiveCfg = Release|x64
		{C18E515C-072B-4C55-B7AC-342BE77A66AF}.Release|x64.Build.0 = Release|x64
		{C18E515C-072B-4C55-B7AC-342BE77A66AF}.Release|x86.ActiveCfg = Release|Win32
		{C18E515C-072B-4C55-B7AC-342BE77A66AF}.Release|x86.Build.0 = Release|Win32
	EndGlobalSection
	GlobalSection(SolutionProperties) = preSolution
		HideSolutionNode = FALSE
	EndGlobalSection
	GlobalSection(NestedProjects) = preSolution
		{CF36EDF2-70E5-438F-A889-3F51FCB182E4} = {7AC1A4E1-F6D9-4070-91A5-422CEAF073DA}
		{E041C6C7-9B02-403D-B8AA-1DBCA13A0AEB} = {7AC1A4E1-F6D9-4070-91A5-422CEAF073DA}
		{03109D00-5ACF-4C60-BA5C-CA18DE301D39} = {7AC1A4E1-F6D9-4070-91A5-422CEAF073DA}
		{F1686CB5-70B9-4212-AFAB-39BF0DC3D734} = {E041C6C7-9B02-403D-B8AA-1DBCA13A0AEB}
		{078CCBFB-73B8-437F-86D9-BF68A1C41A46} = {03109D00-5ACF-4C60-BA5C-CA18DE301D39}
		{61FEAF23-9693-4925-9C57-546E9E6E57BB} = {03109D00-5ACF-4C60-BA5C-CA18DE301D39}
		{0D33C258-4069-4642-B520-B66F3F30FC56} = {CF36EDF2-70E5-438F-A889-3F51FCB182E4}
		{8542DA21-4AF1-45FD-87D4-67CF08B0E012} = {CF36EDF2-70E5-438F-A889-3F51FCB182E4}
		{B07DCB84-9328-458D-893C-DB599942705A} = {7AC1A4E1-F6D9-4070-91A5-422CEAF073DA}
		{C18E515C-072B-4C55-B7AC-342BE77A66AF} = {B07DCB84-9328-458D-893C-DB599942705A}
	EndGlobalSection
	GlobalSection(ExtensibilityGlobals) = postSolution
		SolutionGuid = {B5A03BC3-2A5F-4DD7-8FBA-CBAB06A1B69F}
	EndGlobalSection
EndGlobal
