
Microsoft Visual Studio Solution File, Format Version 12.00
# Visual Studio 15
VisualStudioVersion = 15.0.27130.2024
MinimumVisualStudioVersion = 10.0.40219.1
Project("{2150E333-8FDC-42A3-9474-1A3956D46DE8}") = "Common", "Common", "{CF36EDF2-70E5-438F-A889-3F51FCB182E4}"
EndProject
Project("{2150E333-8FDC-42A3-9474-1A3956D46DE8}") = "Src", "Src", "{7AC1A4E1-F6D9-4070-91A5-422CEAF073DA}"
EndProject
Project("{2150E333-8FDC-42A3-9474-1A3956D46DE8}") = "Render", "Render", "{E041C6C7-9B02-403D-B8AA-1DBCA13A0AEB}"
EndProject
Project("{2150E333-8FDC-42A3-9474-1A3956D46DE8}") = "Server", "Server", "{03109D00-5ACF-4C60-BA5C-CA18DE301D39}"
EndProject
Project("{8BC9CEB8-8B4A-11D0-8D11-00A0C91BC942}") = "MCServer", "Src\Server\MCServer\MCServer.vcxproj", "{078CCBFB-73B8-437F-86D9-BF68A1C41A46}"
EndProject
Project("{8BC9CEB8-8B4A-11D0-8D11-00A0C91BC942}") = "MCSlaveServer", "Src\Server\MCSlaveServer\MCSlaveServer.vcxproj", "{61FEAF23-9693-4925-9C57-546E9E6E57BB}"
EndProject
Project("{8BC9CEB8-8B4A-11D0-8D11-00A0C91BC942}") = "MCLog", "Src\Common\MCLog\MCLog.vcxproj", "{0D33C258-4069-4642-B520-B66F3F30FC56}"
EndProject
Project("{8BC9CEB8-8B4A-11D0-8D11-00A0C91BC942}") = "MCXML", "Src\Common\MCXML\MCXML.vcxproj", "{8542DA21-4AF1-45FD-87D4-67CF08B0E012}"
EndProject
Project("{2150E333-8FDC-42A3-9474-1A3956D46DE8}") = "Core", "Core", "{B07DCB84-9328-458D-893C-DB599942705A}"
EndProject
Project("{8BC9CEB8-8B4A-11D0-8D11-00A0C91BC942}") = "MC", "Src\Core\MC\MC.vcxproj", "{C18E515C-072B-4C55-B7AC-342BE77A66AF}"
EndProject
Project("{8BC9CEB8-8B4A-11D0-8D11-00A0C91BC942}") = "MCD3DRenderEngine", "Src\Render\MCD3DRenderEngine\MCD3DRenderEngine.vcxproj", "{D565077A-47C6-4077-81BF-D186E161B725}"
EndProject
Project("{8BC9CEB8-8B4A-11D0-8D11-00A0C91BC942}") = "MCCommon", "Src\Common\MCCommon\MCCommon.vcxproj", "{77A101A5-7B87-4F62-AAC9-DF5A6A27CD40}"
EndProject
Project("{2150E333-8FDC-42A3-9474-1A3956D46DE8}") = "Test", "Test", "{0EF85BB2-0F14-4488-BFB0-0B9F62642B9E}"
EndProject
Project("{2150E333-8FDC-42A3-9474-1A3956D46DE8}") = "Common", "Common", "{EA32B4AD-BF6C-41CE-9704-83AC04603486}"
EndProject
Project("{8BC9CEB8-8B4A-11D0-8D11-00A0C91BC942}") = "TMCXML", "Src\Test\Common\TMCXML\TMCXML.vcxproj", "{9E600A41-1C3D-4213-BB9B-EBFFA8AEDCB0}"
EndProject
Project("{8BC9CEB8-8B4A-11D0-8D11-00A0C91BC942}") = "Sandbox", "Src\Core\Sandbox\Sandbox.vcxproj", "{AB7674A1-15A7-4E39-90EB-0CF892AE3B98}"
EndProject
Project("{2150E333-8FDC-42A3-9474-1A3956D46DE8}") = "MCD3DRenderEngine", "MCD3DRenderEngine", "{4AB5E850-50E4-45BA-8605-C5ADEDFAE093}"
EndProject
Project("{8BC9CEB8-8B4A-11D0-8D11-00A0C91BC942}") = "TMCCommon", "Src\Test\Common\TMCCommon\TMCCommon.vcxproj", "{D6280A10-8CFC-445A-BB5D-3EFF0DB7196A}"
EndProject
Project("{8BC9CEB8-8B4A-11D0-8D11-00A0C91BC942}") = "MCRouter", "Src\Common\MCRouter\MCRouter.vcxproj", "{2A54D643-48D2-40C4-B3FE-FA5D1451735C}"
EndProject
Project("{8BC9CEB8-8B4A-11D0-8D11-00A0C91BC942}") = "TMCRouter", "Src\Test\Common\TMCRouter\TMCRouter.vcxproj", "{82B2D908-1DB7-434A-AB8E-8477D1A085D2}"
EndProject
Global
	GlobalSection(SolutionConfigurationPlatforms) = preSolution
		Debug|x64 = Debug|x64
		Debug|x86 = Debug|x86
		Release|x64 = Release|x64
		Release|x86 = Release|x86
	EndGlobalSection
	GlobalSection(ProjectConfigurationPlatforms) = postSolution
		{078CCBFB-73B8-437F-86D9-BF68A1C41A46}.Debug|x64.ActiveCfg = Debug|x64
		{078CCBFB-73B8-437F-86D9-BF68A1C41A46}.Debug|x64.Build.0 = Debug|x64
		{078CCBFB-73B8-437F-86D9-BF68A1C41A46}.Debug|x86.ActiveCfg = Debug|Win32
		{078CCBFB-73B8-437F-86D9-BF68A1C41A46}.Debug|x86.Build.0 = Debug|Win32
		{078CCBFB-73B8-437F-86D9-BF68A1C41A46}.Release|x64.ActiveCfg = Release|x64
		{078CCBFB-73B8-437F-86D9-BF68A1C41A46}.Release|x64.Build.0 = Release|x64
		{078CCBFB-73B8-437F-86D9-BF68A1C41A46}.Release|x86.ActiveCfg = Release|Win32
		{078CCBFB-73B8-437F-86D9-BF68A1C41A46}.Release|x86.Build.0 = Release|Win32
		{61FEAF23-9693-4925-9C57-546E9E6E57BB}.Debug|x64.ActiveCfg = Debug|x64
		{61FEAF23-9693-4925-9C57-546E9E6E57BB}.Debug|x64.Build.0 = Debug|x64
		{61FEAF23-9693-4925-9C57-546E9E6E57BB}.Debug|x86.ActiveCfg = Debug|Win32
		{61FEAF23-9693-4925-9C57-546E9E6E57BB}.Debug|x86.Build.0 = Debug|Win32
		{61FEAF23-9693-4925-9C57-546E9E6E57BB}.Release|x64.ActiveCfg = Release|x64
		{61FEAF23-9693-4925-9C57-546E9E6E57BB}.Release|x64.Build.0 = Release|x64
		{61FEAF23-9693-4925-9C57-546E9E6E57BB}.Release|x86.ActiveCfg = Release|Win32
		{61FEAF23-9693-4925-9C57-546E9E6E57BB}.Release|x86.Build.0 = Release|Win32
		{0D33C258-4069-4642-B520-B66F3F30FC56}.Debug|x64.ActiveCfg = Debug|x64
		{0D33C258-4069-4642-B520-B66F3F30FC56}.Debug|x64.Build.0 = Debug|x64
		{0D33C258-4069-4642-B520-B66F3F30FC56}.Debug|x86.ActiveCfg = Debug|Win32
		{0D33C258-4069-4642-B520-B66F3F30FC56}.Debug|x86.Build.0 = Debug|Win32
		{0D33C258-4069-4642-B520-B66F3F30FC56}.Release|x64.ActiveCfg = Release|x64
		{0D33C258-4069-4642-B520-B66F3F30FC56}.Release|x64.Build.0 = Release|x64
		{0D33C258-4069-4642-B520-B66F3F30FC56}.Release|x86.ActiveCfg = Release|Win32
		{0D33C258-4069-4642-B520-B66F3F30FC56}.Release|x86.Build.0 = Release|Win32
		{8542DA21-4AF1-45FD-87D4-67CF08B0E012}.Debug|x64.ActiveCfg = Debug|x64
		{8542DA21-4AF1-45FD-87D4-67CF08B0E012}.Debug|x64.Build.0 = Debug|x64
		{8542DA21-4AF1-45FD-87D4-67CF08B0E012}.Debug|x86.ActiveCfg = Debug|Win32
		{8542DA21-4AF1-45FD-87D4-67CF08B0E012}.Debug|x86.Build.0 = Debug|Win32
		{8542DA21-4AF1-45FD-87D4-67CF08B0E012}.Release|x64.ActiveCfg = Release|x64
		{8542DA21-4AF1-45FD-87D4-67CF08B0E012}.Release|x64.Build.0 = Release|x64
		{8542DA21-4AF1-45FD-87D4-67CF08B0E012}.Release|x86.ActiveCfg = Release|Win32
		{8542DA21-4AF1-45FD-87D4-67CF08B0E012}.Release|x86.Build.0 = Release|Win32
		{C18E515C-072B-4C55-B7AC-342BE77A66AF}.Debug|x64.ActiveCfg = Debug|x64
		{C18E515C-072B-4C55-B7AC-342BE77A66AF}.Debug|x64.Build.0 = Debug|x64
		{C18E515C-072B-4C55-B7AC-342BE77A66AF}.Debug|x86.ActiveCfg = Debug|Win32
		{C18E515C-072B-4C55-B7AC-342BE77A66AF}.Debug|x86.Build.0 = Debug|Win32
		{C18E515C-072B-4C55-B7AC-342BE77A66AF}.Release|x64.ActiveCfg = Release|x64
		{C18E515C-072B-4C55-B7AC-342BE77A66AF}.Release|x64.Build.0 = Release|x64
		{C18E515C-072B-4C55-B7AC-342BE77A66AF}.Release|x86.ActiveCfg = Release|Win32
		{C18E515C-072B-4C55-B7AC-342BE77A66AF}.Release|x86.Build.0 = Release|Win32
		{D565077A-47C6-4077-81BF-D186E161B725}.Debug|x64.ActiveCfg = Debug|x64
		{D565077A-47C6-4077-81BF-D186E161B725}.Debug|x64.Build.0 = Debug|x64
		{D565077A-47C6-4077-81BF-D186E161B725}.Debug|x86.ActiveCfg = Debug|Win32
		{D565077A-47C6-4077-81BF-D186E161B725}.Debug|x86.Build.0 = Debug|Win32
		{D565077A-47C6-4077-81BF-D186E161B725}.Release|x64.ActiveCfg = Release|x64
		{D565077A-47C6-4077-81BF-D186E161B725}.Release|x64.Build.0 = Release|x64
		{D565077A-47C6-4077-81BF-D186E161B725}.Release|x86.ActiveCfg = Release|Win32
		{D565077A-47C6-4077-81BF-D186E161B725}.Release|x86.Build.0 = Release|Win32
		{77A101A5-7B87-4F62-AAC9-DF5A6A27CD40}.Debug|x64.ActiveCfg = Debug|x64
		{77A101A5-7B87-4F62-AAC9-DF5A6A27CD40}.Debug|x64.Build.0 = Debug|x64
		{77A101A5-7B87-4F62-AAC9-DF5A6A27CD40}.Debug|x86.ActiveCfg = Debug|Win32
		{77A101A5-7B87-4F62-AAC9-DF5A6A27CD40}.Debug|x86.Build.0 = Debug|Win32
		{77A101A5-7B87-4F62-AAC9-DF5A6A27CD40}.Release|x64.ActiveCfg = Release|x64
		{77A101A5-7B87-4F62-AAC9-DF5A6A27CD40}.Release|x64.Build.0 = Release|x64
		{77A101A5-7B87-4F62-AAC9-DF5A6A27CD40}.Release|x86.ActiveCfg = Release|Win32
		{77A101A5-7B87-4F62-AAC9-DF5A6A27CD40}.Release|x86.Build.0 = Release|Win32
		{9E600A41-1C3D-4213-BB9B-EBFFA8AEDCB0}.Debug|x64.ActiveCfg = Debug|x64
		{9E600A41-1C3D-4213-BB9B-EBFFA8AEDCB0}.Debug|x64.Build.0 = Debug|x64
		{9E600A41-1C3D-4213-BB9B-EBFFA8AEDCB0}.Debug|x86.ActiveCfg = Debug|Win32
		{9E600A41-1C3D-4213-BB9B-EBFFA8AEDCB0}.Debug|x86.Build.0 = Debug|Win32
		{9E600A41-1C3D-4213-BB9B-EBFFA8AEDCB0}.Release|x64.ActiveCfg = Release|x64
		{9E600A41-1C3D-4213-BB9B-EBFFA8AEDCB0}.Release|x64.Build.0 = Release|x64
		{9E600A41-1C3D-4213-BB9B-EBFFA8AEDCB0}.Release|x86.ActiveCfg = Release|Win32
		{9E600A41-1C3D-4213-BB9B-EBFFA8AEDCB0}.Release|x86.Build.0 = Release|Win32
		{AB7674A1-15A7-4E39-90EB-0CF892AE3B98}.Debug|x64.ActiveCfg = Debug|x64
		{AB7674A1-15A7-4E39-90EB-0CF892AE3B98}.Debug|x64.Build.0 = Debug|x64
		{AB7674A1-15A7-4E39-90EB-0CF892AE3B98}.Debug|x86.ActiveCfg = Debug|Win32
		{AB7674A1-15A7-4E39-90EB-0CF892AE3B98}.Debug|x86.Build.0 = Debug|Win32
		{AB7674A1-15A7-4E39-90EB-0CF892AE3B98}.Release|x64.ActiveCfg = Release|x64
		{AB7674A1-15A7-4E39-90EB-0CF892AE3B98}.Release|x64.Build.0 = Release|x64
		{AB7674A1-15A7-4E39-90EB-0CF892AE3B98}.Release|x86.ActiveCfg = Release|Win32
		{AB7674A1-15A7-4E39-90EB-0CF892AE3B98}.Release|x86.Build.0 = Release|Win32
		{D6280A10-8CFC-445A-BB5D-3EFF0DB7196A}.Debug|x64.ActiveCfg = Debug|x64
		{D6280A10-8CFC-445A-BB5D-3EFF0DB7196A}.Debug|x64.Build.0 = Debug|x64
		{D6280A10-8CFC-445A-BB5D-3EFF0DB7196A}.Debug|x86.ActiveCfg = Debug|Win32
		{D6280A10-8CFC-445A-BB5D-3EFF0DB7196A}.Debug|x86.Build.0 = Debug|Win32
		{D6280A10-8CFC-445A-BB5D-3EFF0DB7196A}.Release|x64.ActiveCfg = Release|x64
		{D6280A10-8CFC-445A-BB5D-3EFF0DB7196A}.Release|x64.Build.0 = Release|x64
		{D6280A10-8CFC-445A-BB5D-3EFF0DB7196A}.Release|x86.ActiveCfg = Release|Win32
		{D6280A10-8CFC-445A-BB5D-3EFF0DB7196A}.Release|x86.Build.0 = Release|Win32
		{2A54D643-48D2-40C4-B3FE-FA5D1451735C}.Debug|x64.ActiveCfg = Debug|x64
		{2A54D643-48D2-40C4-B3FE-FA5D1451735C}.Debug|x64.Build.0 = Debug|x64
		{2A54D643-48D2-40C4-B3FE-FA5D1451735C}.Debug|x86.ActiveCfg = Debug|Win32
		{2A54D643-48D2-40C4-B3FE-FA5D1451735C}.Debug|x86.Build.0 = Debug|Win32
		{2A54D643-48D2-40C4-B3FE-FA5D1451735C}.Release|x64.ActiveCfg = Release|x64
		{2A54D643-48D2-40C4-B3FE-FA5D1451735C}.Release|x64.Build.0 = Release|x64
		{2A54D643-48D2-40C4-B3FE-FA5D1451735C}.Release|x86.ActiveCfg = Release|Win32
		{2A54D643-48D2-40C4-B3FE-FA5D1451735C}.Release|x86.Build.0 = Release|Win32
		{82B2D908-1DB7-434A-AB8E-8477D1A085D2}.Debug|x64.ActiveCfg = Debug|x64
		{82B2D908-1DB7-434A-AB8E-8477D1A085D2}.Debug|x64.Build.0 = Debug|x64
		{82B2D908-1DB7-434A-AB8E-8477D1A085D2}.Debug|x86.ActiveCfg = Debug|Win32
		{82B2D908-1DB7-434A-AB8E-8477D1A085D2}.Debug|x86.Build.0 = Debug|Win32
		{82B2D908-1DB7-434A-AB8E-8477D1A085D2}.Release|x64.ActiveCfg = Release|x64
		{82B2D908-1DB7-434A-AB8E-8477D1A085D2}.Release|x64.Build.0 = Release|x64
		{82B2D908-1DB7-434A-AB8E-8477D1A085D2}.Release|x86.ActiveCfg = Release|Win32
		{82B2D908-1DB7-434A-AB8E-8477D1A085D2}.Release|x86.Build.0 = Release|Win32
	EndGlobalSection
	GlobalSection(SolutionProperties) = preSolution
		HideSolutionNode = FALSE
	EndGlobalSection
	GlobalSection(NestedProjects) = preSolution
		{CF36EDF2-70E5-438F-A889-3F51FCB182E4} = {7AC1A4E1-F6D9-4070-91A5-422CEAF073DA}
		{E041C6C7-9B02-403D-B8AA-1DBCA13A0AEB} = {7AC1A4E1-F6D9-4070-91A5-422CEAF073DA}
		{03109D00-5ACF-4C60-BA5C-CA18DE301D39} = {7AC1A4E1-F6D9-4070-91A5-422CEAF073DA}
		{078CCBFB-73B8-437F-86D9-BF68A1C41A46} = {03109D00-5ACF-4C60-BA5C-CA18DE301D39}
		{61FEAF23-9693-4925-9C57-546E9E6E57BB} = {03109D00-5ACF-4C60-BA5C-CA18DE301D39}
		{0D33C258-4069-4642-B520-B66F3F30FC56} = {CF36EDF2-70E5-438F-A889-3F51FCB182E4}
		{8542DA21-4AF1-45FD-87D4-67CF08B0E012} = {CF36EDF2-70E5-438F-A889-3F51FCB182E4}
		{B07DCB84-9328-458D-893C-DB599942705A} = {7AC1A4E1-F6D9-4070-91A5-422CEAF073DA}
		{C18E515C-072B-4C55-B7AC-342BE77A66AF} = {B07DCB84-9328-458D-893C-DB599942705A}
		{D565077A-47C6-4077-81BF-D186E161B725} = {E041C6C7-9B02-403D-B8AA-1DBCA13A0AEB}
		{77A101A5-7B87-4F62-AAC9-DF5A6A27CD40} = {CF36EDF2-70E5-438F-A889-3F51FCB182E4}
		{0EF85BB2-0F14-4488-BFB0-0B9F62642B9E} = {7AC1A4E1-F6D9-4070-91A5-422CEAF073DA}
		{EA32B4AD-BF6C-41CE-9704-83AC04603486} = {0EF85BB2-0F14-4488-BFB0-0B9F62642B9E}
		{9E600A41-1C3D-4213-BB9B-EBFFA8AEDCB0} = {EA32B4AD-BF6C-41CE-9704-83AC04603486}
		{AB7674A1-15A7-4E39-90EB-0CF892AE3B98} = {B07DCB84-9328-458D-893C-DB599942705A}
		{4AB5E850-50E4-45BA-8605-C5ADEDFAE093} = {0EF85BB2-0F14-4488-BFB0-0B9F62642B9E}
		{D6280A10-8CFC-445A-BB5D-3EFF0DB7196A} = {EA32B4AD-BF6C-41CE-9704-83AC04603486}
		{2A54D643-48D2-40C4-B3FE-FA5D1451735C} = {CF36EDF2-70E5-438F-A889-3F51FCB182E4}
		{82B2D908-1DB7-434A-AB8E-8477D1A085D2} = {EA32B4AD-BF6C-41CE-9704-83AC04603486}
	EndGlobalSection
	GlobalSection(ExtensibilityGlobals) = postSolution
		SolutionGuid = {B5A03BC3-2A5F-4DD7-8FBA-CBAB06A1B69F}
	EndGlobalSection
EndGlobal
